
Microsoft Visual Studio Solution File, Format Version 12.00
# Visual Studio Version 16
VisualStudioVersion = 16.0.30523.141
MinimumVisualStudioVersion = 10.0.40219.1
Project("{FAE04EC0-301F-11D3-BF4B-00C04F79EFBC}") = "leet", "leet\leet.csproj", "{55BE73FD-54C7-49B6-BB05-6638C01A862E}"
EndProject
Global
	GlobalSection(SolutionConfigurationPlatforms) = preSolution
		Debug|Any CPU = Debug|Any CPU
		Release|Any CPU = Release|Any CPU
	EndGlobalSection
	GlobalSection(ProjectConfigurationPlatforms) = postSolution
		{55BE73FD-54C7-49B6-BB05-6638C01A862E}.Debug|Any CPU.ActiveCfg = Debug|Any CPU
		{55BE73FD-54C7-49B6-BB05-6638C01A862E}.Debug|Any CPU.Build.0 = Debug|Any CPU
		{55BE73FD-54C7-49B6-BB05-6638C01A862E}.Release|Any CPU.ActiveCfg = Release|Any CPU
		{55BE73FD-54C7-49B6-BB05-6638C01A862E}.Release|Any CPU.Build.0 = Release|Any CPU
	EndGlobalSection
	GlobalSection(SolutionProperties) = preSolution
		HideSolutionNode = FALSE
	EndGlobalSection
	GlobalSection(ExtensibilityGlobals) = postSolution
		SolutionGuid = {C190FADC-EF2E-457B-8728-BE97B64D93B9}
	EndGlobalSection
EndGlobal
