
Microsoft Visual Studio Solution File, Format Version 12.00
# Visual Studio Version 16
VisualStudioVersion = 16.0.30523.141
MinimumVisualStudioVersion = 10.0.40219.1
Project("{FAE04EC0-301F-11D3-BF4B-00C04F79EFBC}") = "шахматы", "шахматы\шахматы.csproj", "{F41B9E62-4218-42D9-BFC6-674E18D40D0A}"
EndProject
Global
	GlobalSection(SolutionConfigurationPlatforms) = preSolution
		Debug|Any CPU = Debug|Any CPU
		Release|Any CPU = Release|Any CPU
	EndGlobalSection
	GlobalSection(ProjectConfigurationPlatforms) = postSolution
		{F41B9E62-4218-42D9-BFC6-674E18D40D0A}.Debug|Any CPU.ActiveCfg = Debug|Any CPU
		{F41B9E62-4218-42D9-BFC6-674E18D40D0A}.Debug|Any CPU.Build.0 = Debug|Any CPU
		{F41B9E62-4218-42D9-BFC6-674E18D40D0A}.Release|Any CPU.ActiveCfg = Release|Any CPU
		{F41B9E62-4218-42D9-BFC6-674E18D40D0A}.Release|Any CPU.Build.0 = Release|Any CPU
	EndGlobalSection
	GlobalSection(SolutionProperties) = preSolution
		HideSolutionNode = FALSE
	EndGlobalSection
	GlobalSection(ExtensibilityGlobals) = postSolution
		SolutionGuid = {3ACABC5B-F1DA-4591-9556-A0288A007BA9}
	EndGlobalSection
EndGlobal
