
Microsoft Visual Studio Solution File, Format Version 12.00
# Visual Studio Version 16
VisualStudioVersion = 16.0.30523.141
MinimumVisualStudioVersion = 10.0.40219.1
Project("{FAE04EC0-301F-11D3-BF4B-00C04F79EFBC}") = "математические формулы", "математические формулы\математические формулы.csproj", "{20E801D9-8758-4ABB-A543-9D312365354E}"
EndProject
Global
	GlobalSection(SolutionConfigurationPlatforms) = preSolution
		Debug|Any CPU = Debug|Any CPU
		Release|Any CPU = Release|Any CPU
	EndGlobalSection
	GlobalSection(ProjectConfigurationPlatforms) = postSolution
		{20E801D9-8758-4ABB-A543-9D312365354E}.Debug|Any CPU.ActiveCfg = Debug|Any CPU
		{20E801D9-8758-4ABB-A543-9D312365354E}.Debug|Any CPU.Build.0 = Debug|Any CPU
		{20E801D9-8758-4ABB-A543-9D312365354E}.Release|Any CPU.ActiveCfg = Release|Any CPU
		{20E801D9-8758-4ABB-A543-9D312365354E}.Release|Any CPU.Build.0 = Release|Any CPU
	EndGlobalSection
	GlobalSection(SolutionProperties) = preSolution
		HideSolutionNode = FALSE
	EndGlobalSection
	GlobalSection(ExtensibilityGlobals) = postSolution
		SolutionGuid = {1F846806-BA44-4D19-9CF9-14FD751C42B6}
	EndGlobalSection
EndGlobal
