
Microsoft Visual Studio Solution File, Format Version 12.00
# Visual Studio Version 16
VisualStudioVersion = 16.0.30523.141
MinimumVisualStudioVersion = 10.0.40219.1
Project("{FAE04EC0-301F-11D3-BF4B-00C04F79EFBC}") = "логическое выражение", "логическое выражение\логическое выражение.csproj", "{C13FB655-0133-4F22-8A1C-CCB0A722D086}"
EndProject
Global
	GlobalSection(SolutionConfigurationPlatforms) = preSolution
		Debug|Any CPU = Debug|Any CPU
		Release|Any CPU = Release|Any CPU
	EndGlobalSection
	GlobalSection(ProjectConfigurationPlatforms) = postSolution
		{C13FB655-0133-4F22-8A1C-CCB0A722D086}.Debug|Any CPU.ActiveCfg = Debug|Any CPU
		{C13FB655-0133-4F22-8A1C-CCB0A722D086}.Debug|Any CPU.Build.0 = Debug|Any CPU
		{C13FB655-0133-4F22-8A1C-CCB0A722D086}.Release|Any CPU.ActiveCfg = Release|Any CPU
		{C13FB655-0133-4F22-8A1C-CCB0A722D086}.Release|Any CPU.Build.0 = Release|Any CPU
	EndGlobalSection
	GlobalSection(SolutionProperties) = preSolution
		HideSolutionNode = FALSE
	EndGlobalSection
	GlobalSection(ExtensibilityGlobals) = postSolution
		SolutionGuid = {7FE5B9F6-2DE2-4FCC-BA28-63DD230982B1}
	EndGlobalSection
EndGlobal
